
Microsoft Visual Studio Solution File, Format Version 12.00
# Visual Studio Version 17
VisualStudioVersion = 17.8.34330.188
MinimumVisualStudioVersion = 10.0.40219.1
Project("{FAE04EC0-301F-11D3-BF4B-00C04F79EFBC}") = "app-api", "app-api\app-api.csproj", "{142F93AC-9CD8-4D41-98F0-0DDB67554F53}"
EndProject
Global
	GlobalSection(SolutionConfigurationPlatforms) = preSolution
		Debug|Any CPU = Debug|Any CPU
		Release|Any CPU = Release|Any CPU
	EndGlobalSection
	GlobalSection(ProjectConfigurationPlatforms) = postSolution
		{142F93AC-9CD8-4D41-98F0-0DDB67554F53}.Debug|Any CPU.ActiveCfg = Debug|Any CPU
		{142F93AC-9CD8-4D41-98F0-0DDB67554F53}.Debug|Any CPU.Build.0 = Debug|Any CPU
		{142F93AC-9CD8-4D41-98F0-0DDB67554F53}.Release|Any CPU.ActiveCfg = Release|Any CPU
		{142F93AC-9CD8-4D41-98F0-0DDB67554F53}.Release|Any CPU.Build.0 = Release|Any CPU
	EndGlobalSection
	GlobalSection(SolutionProperties) = preSolution
		HideSolutionNode = FALSE
	EndGlobalSection
	GlobalSection(ExtensibilityGlobals) = postSolution
		SolutionGuid = {98A03C9C-0D45-4833-8A0F-69C471DC0496}
	EndGlobalSection
EndGlobal
